
Microsoft Visual Studio Solution File, Format Version 12.00
# Visual Studio 15
VisualStudioVersion = 15.0.28307.106
MinimumVisualStudioVersion = 10.0.40219.1
Project("{FAE04EC0-301F-11D3-BF4B-00C04F79EFBC}") = "SyslogTester", "SyslogTester\SyslogTester.csproj", "{DA8E5112-EA3B-4A4A-9D5D-75A83997E890}"
EndProject
Global
	GlobalSection(SolutionConfigurationPlatforms) = preSolution
		Debug|Any CPU = Debug|Any CPU
		Release|Any CPU = Release|Any CPU
	EndGlobalSection
	GlobalSection(ProjectConfigurationPlatforms) = postSolution
		{DA8E5112-EA3B-4A4A-9D5D-75A83997E890}.Debug|Any CPU.ActiveCfg = Debug|Any CPU
		{DA8E5112-EA3B-4A4A-9D5D-75A83997E890}.Debug|Any CPU.Build.0 = Debug|Any CPU
		{DA8E5112-EA3B-4A4A-9D5D-75A83997E890}.Release|Any CPU.ActiveCfg = Release|Any CPU
		{DA8E5112-EA3B-4A4A-9D5D-75A83997E890}.Release|Any CPU.Build.0 = Release|Any CPU
	EndGlobalSection
	GlobalSection(SolutionProperties) = preSolution
		HideSolutionNode = FALSE
	EndGlobalSection
	GlobalSection(ExtensibilityGlobals) = postSolution
		SolutionGuid = {647F7B1E-2530-47E3-BDB6-A631C1654132}
	EndGlobalSection
EndGlobal
